
Microsoft Visual Studio Solution File, Format Version 9.00
# Visual Studio 2005
Project("{54435603-DBB4-11D2-8724-00A0C9A8B90C}") = "SISCOC", "SISCOC\SISCOC.vdproj", "{7E53438F-E058-4A44-A874-7E99B9829F37}"
EndProject
Global
	GlobalSection(SolutionConfigurationPlatforms) = preSolution
		Debug|Default = Debug|Default
		Release|Default = Release|Default
	EndGlobalSection
	GlobalSection(ProjectConfigurationPlatforms) = postSolution
		{7E53438F-E058-4A44-A874-7E99B9829F37}.Debug|Default.ActiveCfg = Debug
		{7E53438F-E058-4A44-A874-7E99B9829F37}.Debug|Default.Build.0 = Debug
		{7E53438F-E058-4A44-A874-7E99B9829F37}.Release|Default.ActiveCfg = Release
		{7E53438F-E058-4A44-A874-7E99B9829F37}.Release|Default.Build.0 = Release
	EndGlobalSection
	GlobalSection(SolutionProperties) = preSolution
		HideSolutionNode = FALSE
	EndGlobalSection
EndGlobal
